// !$*UTF8*$!
{
	archiveVersion = 1;
	classes = {
	};
	objectVersion = 56;
	objects = {

/* Begin PBXBuildFile section */
		5A01D0482AEDF530009EC48C /* ApiApp.swift in Sources */ = {isa = PBXBuildFile; fileRef = 5A01D0472AEDF530009EC48C /* ApiApp.swift */; };
		5A01D04A2AEDF530009EC48C /* ContentView.swift in Sources */ = {isa = PBXBuildFile; fileRef = 5A01D0492AEDF530009EC48C /* ContentView.swift */; };
		5A01D04C2AEDF530009EC48C /* Assets.xcassets in Resources */ = {isa = PBXBuildFile; fileRef = 5A01D04B2AEDF530009EC48C /* Assets.xcassets */; };
		5A01D04F2AEDF530009EC48C /* Preview Assets.xcassets in Resources */ = {isa = PBXBuildFile; fileRef = 5A01D04E2AEDF530009EC48C /* Preview Assets.xcassets */; };
		5A01D0592AEDF531009EC48C /* ApiTests.swift in Sources */ = {isa = PBXBuildFile; fileRef = 5A01D0582AEDF531009EC48C /* ApiTests.swift */; };
		5A01D0632AEDF531009EC48C /* ApiUITests.swift in Sources */ = {isa = PBXBuildFile; fileRef = 5A01D0622AEDF531009EC48C /* ApiUITests.swift */; };
		5A01D0652AEDF531009EC48C /* ApiUITestsLaunchTests.swift in Sources */ = {isa = PBXBuildFile; fileRef = 5A01D0642AEDF531009EC48C /* ApiUITestsLaunchTests.swift */; };
		5A01D0732AEDF890009EC48C /* Center.swift in Sources */ = {isa = PBXBuildFile; fileRef = 5A01D0722AEDF890009EC48C /* Center.swift */; };
		5A01D0762AEE4A71009EC48C /* CenterRow.swift in Sources */ = {isa = PBXBuildFile; fileRef = 5A01D0752AEE4A71009EC48C /* CenterRow.swift */; };
		5A01D0782AEE4B1B009EC48C /* Centers.swift in Sources */ = {isa = PBXBuildFile; fileRef = 5A01D0772AEE4B1B009EC48C /* Centers.swift */; };
/* End PBXBuildFile section */

/* Begin PBXContainerItemProxy section */
		5A01D0552AEDF531009EC48C /* PBXContainerItemProxy */ = {
			isa = PBXContainerItemProxy;
			containerPortal = 5A01D03C2AEDF530009EC48C /* Project object */;
			proxyType = 1;
			remoteGlobalIDString = 5A01D0432AEDF530009EC48C;
			remoteInfo = Api;
		};
		5A01D05F2AEDF531009EC48C /* PBXContainerItemProxy */ = {
			isa = PBXContainerItemProxy;
			containerPortal = 5A01D03C2AEDF530009EC48C /* Project object */;
			proxyType = 1;
			remoteGlobalIDString = 5A01D0432AEDF530009EC48C;
			remoteInfo = Api;
		};
/* End PBXContainerItemProxy section */

/* Begin PBXFileReference section */
		5A01D0442AEDF530009EC48C /* Api.app */ = {isa = PBXFileReference; explicitFileType = wrapper.application; includeInIndex = 0; path = Api.app; sourceTree = BUILT_PRODUCTS_DIR; };
		5A01D0472AEDF530009EC48C /* ApiApp.swift */ = {isa = PBXFileReference; lastKnownFileType = sourcecode.swift; path = ApiApp.swift; sourceTree = "<group>"; };
		5A01D0492AEDF530009EC48C /* ContentView.swift */ = {isa = PBXFileReference; lastKnownFileType = sourcecode.swift; path = ContentView.swift; sourceTree = "<group>"; };
		5A01D04B2AEDF530009EC48C /* Assets.xcassets */ = {isa = PBXFileReference; lastKnownFileType = folder.assetcatalog; path = Assets.xcassets; sourceTree = "<group>"; };
		5A01D04E2AEDF530009EC48C /* Preview Assets.xcassets */ = {isa = PBXFileReference; lastKnownFileType = folder.assetcatalog; path = "Preview Assets.xcassets"; sourceTree = "<group>"; };
		5A01D0542AEDF531009EC48C /* ApiTests.xctest */ = {isa = PBXFileReference; explicitFileType = wrapper.cfbundle; includeInIndex = 0; path = ApiTests.xctest; sourceTree = BUILT_PRODUCTS_DIR; };
		5A01D0582AEDF531009EC48C /* ApiTests.swift */ = {isa = PBXFileReference; lastKnownFileType = sourcecode.swift; path = ApiTests.swift; sourceTree = "<group>"; };
		5A01D05E2AEDF531009EC48C /* ApiUITests.xctest */ = {isa = PBXFileReference; explicitFileType = wrapper.cfbundle; includeInIndex = 0; path = ApiUITests.xctest; sourceTree = BUILT_PRODUCTS_DIR; };
		5A01D0622AEDF531009EC48C /* ApiUITests.swift */ = {isa = PBXFileReference; lastKnownFileType = sourcecode.swift; path = ApiUITests.swift; sourceTree = "<group>"; };
		5A01D0642AEDF531009EC48C /* ApiUITestsLaunchTests.swift */ = {isa = PBXFileReference; lastKnownFileType = sourcecode.swift; path = ApiUITestsLaunchTests.swift; sourceTree = "<group>"; };
		5A01D0722AEDF890009EC48C /* Center.swift */ = {isa = PBXFileReference; lastKnownFileType = sourcecode.swift; path = Center.swift; sourceTree = "<group>"; };
		5A01D0752AEE4A71009EC48C /* CenterRow.swift */ = {isa = PBXFileReference; lastKnownFileType = sourcecode.swift; path = CenterRow.swift; sourceTree = "<group>"; };
		5A01D0772AEE4B1B009EC48C /* Centers.swift */ = {isa = PBXFileReference; lastKnownFileType = sourcecode.swift; path = Centers.swift; sourceTree = "<group>"; };
/* End PBXFileReference section */

/* Begin PBXFrameworksBuildPhase section */
		5A01D0412AEDF530009EC48C /* Frameworks */ = {
			isa = PBXFrameworksBuildPhase;
			buildActionMask = 2147483647;
			files = (
			);
			runOnlyForDeploymentPostprocessing = 0;
		};
		5A01D0512AEDF531009EC48C /* Frameworks */ = {
			isa = PBXFrameworksBuildPhase;
			buildActionMask = 2147483647;
			files = (
			);
			runOnlyForDeploymentPostprocessing = 0;
		};
		5A01D05B2AEDF531009EC48C /* Frameworks */ = {
			isa = PBXFrameworksBuildPhase;
			buildActionMask = 2147483647;
			files = (
			);
			runOnlyForDeploymentPostprocessing = 0;
		};
/* End PBXFrameworksBuildPhase section */

/* Begin PBXGroup section */
		5A01D03B2AEDF530009EC48C = {
			isa = PBXGroup;
			children = (
				5A01D0462AEDF530009EC48C /* Api */,
				5A01D0572AEDF531009EC48C /* ApiTests */,
				5A01D0612AEDF531009EC48C /* ApiUITests */,
				5A01D0452AEDF530009EC48C /* Products */,
			);
			sourceTree = "<group>";
		};
		5A01D0452AEDF530009EC48C /* Products */ = {
			isa = PBXGroup;
			children = (
				5A01D0442AEDF530009EC48C /* Api.app */,
				5A01D0542AEDF531009EC48C /* ApiTests.xctest */,
				5A01D05E2AEDF531009EC48C /* ApiUITests.xctest */,
			);
			name = Products;
			sourceTree = "<group>";
		};
		5A01D0462AEDF530009EC48C /* Api */ = {
			isa = PBXGroup;
			children = (
				5A01D0492AEDF530009EC48C /* ContentView.swift */,
				5A01D0742AEE4A43009EC48C /* Views */,
				5A01D0712AEDF879009EC48C /* Models */,
				5A01D0472AEDF530009EC48C /* ApiApp.swift */,
				5A01D04B2AEDF530009EC48C /* Assets.xcassets */,
				5A01D04D2AEDF530009EC48C /* Preview Content */,
			);
			path = Api;
			sourceTree = "<group>";
		};
		5A01D04D2AEDF530009EC48C /* Preview Content */ = {
			isa = PBXGroup;
			children = (
				5A01D04E2AEDF530009EC48C /* Preview Assets.xcassets */,
			);
			path = "Preview Content";
			sourceTree = "<group>";
		};
		5A01D0572AEDF531009EC48C /* ApiTests */ = {
			isa = PBXGroup;
			children = (
				5A01D0582AEDF531009EC48C /* ApiTests.swift */,
			);
			path = ApiTests;
			sourceTree = "<group>";
		};
		5A01D0612AEDF531009EC48C /* ApiUITests */ = {
			isa = PBXGroup;
			children = (
				5A01D0622AEDF531009EC48C /* ApiUITests.swift */,
				5A01D0642AEDF531009EC48C /* ApiUITestsLaunchTests.swift */,
			);
			path = ApiUITests;
			sourceTree = "<group>";
		};
		5A01D0712AEDF879009EC48C /* Models */ = {
			isa = PBXGroup;
			children = (
				5A01D0722AEDF890009EC48C /* Center.swift */,
				5A01D0772AEE4B1B009EC48C /* Centers.swift */,
			);
			path = Models;
			sourceTree = "<group>";
		};
		5A01D0742AEE4A43009EC48C /* Views */ = {
			isa = PBXGroup;
			children = (
				5A01D0752AEE4A71009EC48C /* CenterRow.swift */,
			);
			path = Views;
			sourceTree = "<group>";
		};
/* End PBXGroup section */

/* Begin PBXNativeTarget section */
		5A01D0432AEDF530009EC48C /* Api */ = {
			isa = PBXNativeTarget;
			buildConfigurationList = 5A01D0682AEDF531009EC48C /* Build configuration list for PBXNativeTarget "Api" */;
			buildPhases = (
				5A01D0402AEDF530009EC48C /* Sources */,
				5A01D0412AEDF530009EC48C /* Frameworks */,
				5A01D0422AEDF530009EC48C /* Resources */,
			);
			buildRules = (
			);
			dependencies = (
			);
			name = Api;
			productName = Api;
			productReference = 5A01D0442AEDF530009EC48C /* Api.app */;
			productType = "com.apple.product-type.application";
		};
		5A01D0532AEDF531009EC48C /* ApiTests */ = {
			isa = PBXNativeTarget;
			buildConfigurationList = 5A01D06B2AEDF531009EC48C /* Build configuration list for PBXNativeTarget "ApiTests" */;
			buildPhases = (
				5A01D0502AEDF531009EC48C /* Sources */,
				5A01D0512AEDF531009EC48C /* Frameworks */,
				5A01D0522AEDF531009EC48C /* Resources */,
			);
			buildRules = (
			);
			dependencies = (
				5A01D0562AEDF531009EC48C /* PBXTargetDependency */,
			);
			name = ApiTests;
			productName = ApiTests;
			productReference = 5A01D0542AEDF531009EC48C /* ApiTests.xctest */;
			productType = "com.apple.product-type.bundle.unit-test";
		};
		5A01D05D2AEDF531009EC48C /* ApiUITests */ = {
			isa = PBXNativeTarget;
			buildConfigurationList = 5A01D06E2AEDF531009EC48C /* Build configuration list for PBXNativeTarget "ApiUITests" */;
			buildPhases = (
				5A01D05A2AEDF531009EC48C /* Sources */,
				5A01D05B2AEDF531009EC48C /* Frameworks */,
				5A01D05C2AEDF531009EC48C /* Resources */,
			);
			buildRules = (
			);
			dependencies = (
				5A01D0602AEDF531009EC48C /* PBXTargetDependency */,
			);
			name = ApiUITests;
			productName = ApiUITests;
			productReference = 5A01D05E2AEDF531009EC48C /* ApiUITests.xctest */;
			productType = "com.apple.product-type.bundle.ui-testing";
		};
/* End PBXNativeTarget section */

/* Begin PBXProject section */
		5A01D03C2AEDF530009EC48C /* Project object */ = {
			isa = PBXProject;
			attributes = {
				BuildIndependentTargetsInParallel = 1;
				LastSwiftUpdateCheck = 1430;
				LastUpgradeCheck = 1430;
				TargetAttributes = {
					5A01D0432AEDF530009EC48C = {
						CreatedOnToolsVersion = 14.3.1;
					};
					5A01D0532AEDF531009EC48C = {
						CreatedOnToolsVersion = 14.3.1;
						TestTargetID = 5A01D0432AEDF530009EC48C;
					};
					5A01D05D2AEDF531009EC48C = {
						CreatedOnToolsVersion = 14.3.1;
						TestTargetID = 5A01D0432AEDF530009EC48C;
					};
				};
			};
			buildConfigurationList = 5A01D03F2AEDF530009EC48C /* Build configuration list for PBXProject "Api" */;
			compatibilityVersion = "Xcode 14.0";
			developmentRegion = en;
			hasScannedForEncodings = 0;
			knownRegions = (
				en,
				Base,
			);
			mainGroup = 5A01D03B2AEDF530009EC48C;
			productRefGroup = 5A01D0452AEDF530009EC48C /* Products */;
			projectDirPath = "";
			projectRoot = "";
			targets = (
				5A01D0432AEDF530009EC48C /* Api */,
				5A01D0532AEDF531009EC48C /* ApiTests */,
				5A01D05D2AEDF531009EC48C /* ApiUITests */,
			);
		};
/* End PBXProject section */

/* Begin PBXResourcesBuildPhase section */
		5A01D0422AEDF530009EC48C /* Resources */ = {
			isa = PBXResourcesBuildPhase;
			buildActionMask = 2147483647;
			files = (
				5A01D04F2AEDF530009EC48C /* Preview Assets.xcassets in Resources */,
				5A01D04C2AEDF530009EC48C /* Assets.xcassets in Resources */,
			);
			runOnlyForDeploymentPostprocessing = 0;
		};
		5A01D0522AEDF531009EC48C /* Resources */ = {
			isa = PBXResourcesBuildPhase;
			buildActionMask = 2147483647;
			files = (
			);
			runOnlyForDeploymentPostprocessing = 0;
		};
		5A01D05C2AEDF531009EC48C /* Resources */ = {
			isa = PBXResourcesBuildPhase;
			buildActionMask = 2147483647;
			files = (
			);
			runOnlyForDeploymentPostprocessing = 0;
		};
/* End PBXResourcesBuildPhase section */

/* Begin PBXSourcesBuildPhase section */
		5A01D0402AEDF530009EC48C /* Sources */ = {
			isa = PBXSourcesBuildPhase;
			buildActionMask = 2147483647;
			files = (
				5A01D0732AEDF890009EC48C /* Center.swift in Sources */,
				5A01D04A2AEDF530009EC48C /* ContentView.swift in Sources */,
				5A01D0482AEDF530009EC48C /* ApiApp.swift in Sources */,
				5A01D0782AEE4B1B009EC48C /* Centers.swift in Sources */,
				5A01D0762AEE4A71009EC48C /* CenterRow.swift in Sources */,
			);
			runOnlyForDeploymentPostprocessing = 0;
		};
		5A01D0502AEDF531009EC48C /* Sources */ = {
			isa = PBXSourcesBuildPhase;
			buildActionMask = 2147483647;
			files = (
				5A01D0592AEDF531009EC48C /* ApiTests.swift in Sources */,
			);
			runOnlyForDeploymentPostprocessing = 0;
		};
		5A01D05A2AEDF531009EC48C /* Sources */ = {
			isa = PBXSourcesBuildPhase;
			buildActionMask = 2147483647;
			files = (
				5A01D0632AEDF531009EC48C /* ApiUITests.swift in Sources */,
				5A01D0652AEDF531009EC48C /* ApiUITestsLaunchTests.swift in Sources */,
			);
			runOnlyForDeploymentPostprocessing = 0;
		};
/* End PBXSourcesBuildPhase section */

/* Begin PBXTargetDependency section */
		5A01D0562AEDF531009EC48C /* PBXTargetDependency */ = {
			isa = PBXTargetDependency;
			target = 5A01D0432AEDF530009EC48C /* Api */;
			targetProxy = 5A01D0552AEDF531009EC48C /* PBXContainerItemProxy */;
		};
		5A01D0602AEDF531009EC48C /* PBXTargetDependency */ = {
			isa = PBXTargetDependency;
			target = 5A01D0432AEDF530009EC48C /* Api */;
			targetProxy = 5A01D05F2AEDF531009EC48C /* PBXContainerItemProxy */;
		};
/* End PBXTargetDependency section */

/* Begin XCBuildConfiguration section */
		5A01D0662AEDF531009EC48C /* Debug */ = {
			isa = XCBuildConfiguration;
			buildSettings = {
				ALWAYS_SEARCH_USER_PATHS = NO;
				CLANG_ANALYZER_NONNULL = YES;
				CLANG_ANALYZER_NUMBER_OBJECT_CONVERSION = YES_AGGRESSIVE;
				CLANG_CXX_LANGUAGE_STANDARD = "gnu++20";
				CLANG_ENABLE_MODULES = YES;
				CLANG_ENABLE_OBJC_ARC = YES;
				CLANG_ENABLE_OBJC_WEAK = YES;
				CLANG_WARN_BLOCK_CAPTURE_AUTORELEASING = YES;
				CLANG_WARN_BOOL_CONVERSION = YES;
				CLANG_WARN_COMMA = YES;
				CLANG_WARN_CONSTANT_CONVERSION = YES;
				CLANG_WARN_DEPRECATED_OBJC_IMPLEMENTATIONS = YES;
				CLANG_WARN_DIRECT_OBJC_ISA_USAGE = YES_ERROR;
				CLANG_WARN_DOCUMENTATION_COMMENTS = YES;
				CLANG_WARN_EMPTY_BODY = YES;
				CLANG_WARN_ENUM_CONVERSION = YES;
				CLANG_WARN_INFINITE_RECURSION = YES;
				CLANG_WARN_INT_CONVERSION = YES;
				CLANG_WARN_NON_LITERAL_NULL_CONVERSION = YES;
				CLANG_WARN_OBJC_IMPLICIT_RETAIN_SELF = YES;
				CLANG_WARN_OBJC_LITERAL_CONVERSION = YES;
				CLANG_WARN_OBJC_ROOT_CLASS = YES_ERROR;
				CLANG_WARN_QUOTED_INCLUDE_IN_FRAMEWORK_HEADER = YES;
				CLANG_WARN_RANGE_LOOP_ANALYSIS = YES;
				CLANG_WARN_STRICT_PROTOTYPES = YES;
				CLANG_WARN_SUSPICIOUS_MOVE = YES;
				CLANG_WARN_UNGUARDED_AVAILABILITY = YES_AGGRESSIVE;
				CLANG_WARN_UNREACHABLE_CODE = YES;
				CLANG_WARN__DUPLICATE_METHOD_MATCH = YES;
				COPY_PHASE_STRIP = NO;
				DEBUG_INFORMATION_FORMAT = dwarf;
				ENABLE_STRICT_OBJC_MSGSEND = YES;
				ENABLE_TESTABILITY = YES;
				GCC_C_LANGUAGE_STANDARD = gnu11;
				GCC_DYNAMIC_NO_PIC = NO;
				GCC_NO_COMMON_BLOCKS = YES;
				GCC_OPTIMIZATION_LEVEL = 0;
				GCC_PREPROCESSOR_DEFINITIONS = (
					"DEBUG=1",
					"$(inherited)",
				);
				GCC_WARN_64_TO_32_BIT_CONVERSION = YES;
				GCC_WARN_ABOUT_RETURN_TYPE = YES_ERROR;
				GCC_WARN_UNDECLARED_SELECTOR = YES;
				GCC_WARN_UNINITIALIZED_AUTOS = YES_AGGRESSIVE;
				GCC_WARN_UNUSED_FUNCTION = YES;
				GCC_WARN_UNUSED_VARIABLE = YES;
				IPHONEOS_DEPLOYMENT_TARGET = 16.4;
				MTL_ENABLE_DEBUG_INFO = INCLUDE_SOURCE;
				MTL_FAST_MATH = YES;
				ONLY_ACTIVE_ARCH = YES;
				SDKROOT = iphoneos;
				SWIFT_ACTIVE_COMPILATION_CONDITIONS = DEBUG;
				SWIFT_OPTIMIZATION_LEVEL = "-Onone";
			};
			name = Debug;
		};
		5A01D0672AEDF531009EC48C /* Release */ = {
			isa = XCBuildConfiguration;
			buildSettings = {
				ALWAYS_SEARCH_USER_PATHS = NO;
				CLANG_ANALYZER_NONNULL = YES;
				CLANG_ANALYZER_NUMBER_OBJECT_CONVERSION = YES_AGGRESSIVE;
				CLANG_CXX_LANGUAGE_STANDARD = "gnu++20";
				CLANG_ENABLE_MODULES = YES;
				CLANG_ENABLE_OBJC_ARC = YES;
				CLANG_ENABLE_OBJC_WEAK = YES;
				CLANG_WARN_BLOCK_CAPTURE_AUTORELEASING = YES;
				CLANG_WARN_BOOL_CONVERSION = YES;
				CLANG_WARN_COMMA = YES;
				CLANG_WARN_CONSTANT_CONVERSION = YES;
				CLANG_WARN_DEPRECATED_OBJC_IMPLEMENTATIONS = YES;
				CLANG_WARN_DIRECT_OBJC_ISA_USAGE = YES_ERROR;
				CLANG_WARN_DOCUMENTATION_COMMENTS = YES;
				CLANG_WARN_EMPTY_BODY = YES;
				CLANG_WARN_ENUM_CONVERSION = YES;
				CLANG_WARN_INFINITE_RECURSION = YES;
				CLANG_WARN_INT_CONVERSION = YES;
				CLANG_WARN_NON_LITERAL_NULL_CONVERSION = YES;
				CLANG_WARN_OBJC_IMPLICIT_RETAIN_SELF = YES;
				CLANG_WARN_OBJC_LITERAL_CONVERSION = YES;
				CLANG_WARN_OBJC_ROOT_CLASS = YES_ERROR;
				CLANG_WARN_QUOTED_INCLUDE_IN_FRAMEWORK_HEADER = YES;
				CLANG_WARN_RANGE_LOOP_ANALYSIS = YES;
				CLANG_WARN_STRICT_PROTOTYPES = YES;
				CLANG_WARN_SUSPICIOUS_MOVE = YES;
				CLANG_WARN_UNGUARDED_AVAILABILITY = YES_AGGRESSIVE;
				CLANG_WARN_UNREACHABLE_CODE = YES;
				CLANG_WARN__DUPLICATE_METHOD_MATCH = YES;
				COPY_PHASE_STRIP = NO;
				DEBUG_INFORMATION_FORMAT = "dwarf-with-dsym";
				ENABLE_NS_ASSERTIONS = NO;
				ENABLE_STRICT_OBJC_MSGSEND = YES;
				GCC_C_LANGUAGE_STANDARD = gnu11;
				GCC_NO_COMMON_BLOCKS = YES;
				GCC_WARN_64_TO_32_BIT_CONVERSION = YES;
				GCC_WARN_ABOUT_RETURN_TYPE = YES_ERROR;
				GCC_WARN_UNDECLARED_SELECTOR = YES;
				GCC_WARN_UNINITIALIZED_AUTOS = YES_AGGRESSIVE;
				GCC_WARN_UNUSED_FUNCTION = YES;
				GCC_WARN_UNUSED_VARIABLE = YES;
				IPHONEOS_DEPLOYMENT_TARGET = 16.4;
				MTL_ENABLE_DEBUG_INFO = NO;
				MTL_FAST_MATH = YES;
				SDKROOT = iphoneos;
				SWIFT_COMPILATION_MODE = wholemodule;
				SWIFT_OPTIMIZATION_LEVEL = "-O";
				VALIDATE_PRODUCT = YES;
			};
			name = Release;
		};
		5A01D0692AEDF531009EC48C /* Debug */ = {
			isa = XCBuildConfiguration;
			buildSettings = {
				ASSETCATALOG_COMPILER_APPICON_NAME = AppIcon;
				ASSETCATALOG_COMPILER_GLOBAL_ACCENT_COLOR_NAME = AccentColor;
				CODE_SIGN_STYLE = Automatic;
				CURRENT_PROJECT_VERSION = 1;
				DEVELOPMENT_ASSET_PATHS = "\"Api/Preview Content\"";
				ENABLE_PREVIEWS = YES;
				GENERATE_INFOPLIST_FILE = YES;
				INFOPLIST_KEY_UIApplicationSceneManifest_Generation = YES;
				INFOPLIST_KEY_UIApplicationSupportsIndirectInputEvents = YES;
				INFOPLIST_KEY_UILaunchScreen_Generation = YES;
				INFOPLIST_KEY_UISupportedInterfaceOrientations_iPad = "UIInterfaceOrientationPortrait UIInterfaceOrientationPortraitUpsideDown UIInterfaceOrientationLandscapeLeft UIInterfaceOrientationLandscapeRight";
				INFOPLIST_KEY_UISupportedInterfaceOrientations_iPhone = "UIInterfaceOrientationPortrait UIInterfaceOrientationLandscapeLeft UIInterfaceOrientationLandscapeRight";
				LD_RUNPATH_SEARCH_PATHS = (
					"$(inherited)",
					"@executable_path/Frameworks",
				);
				MARKETING_VERSION = 1.0;
				PRODUCT_BUNDLE_IDENTIFIER = Sample.Api;
				PRODUCT_NAME = "$(TARGET_NAME)";
				SWIFT_EMIT_LOC_STRINGS = YES;
				SWIFT_VERSION = 5.0;
				TARGETED_DEVICE_FAMILY = "1,2";
			};
			name = Debug;
		};
		5A01D06A2AEDF531009EC48C /* Release */ = {
			isa = XCBuildConfiguration;
			buildSettings = {
				ASSETCATALOG_COMPILER_APPICON_NAME = AppIcon;
				ASSETCATALOG_COMPILER_GLOBAL_ACCENT_COLOR_NAME = AccentColor;
				CODE_SIGN_STYLE = Automatic;
				CURRENT_PROJECT_VERSION = 1;
				DEVELOPMENT_ASSET_PATHS = "\"Api/Preview Content\"";
				ENABLE_PREVIEWS = YES;
				GENERATE_INFOPLIST_FILE = YES;
				INFOPLIST_KEY_UIApplicationSceneManifest_Generation = YES;
				INFOPLIST_KEY_UIApplicationSupportsIndirectInputEvents = YES;
				INFOPLIST_KEY_UILaunchScreen_Generation = YES;
				INFOPLIST_KEY_UISupportedInterfaceOrientations_iPad = "UIInterfaceOrientationPortrait UIInterfaceOrientationPortraitUpsideDown UIInterfaceOrientationLandscapeLeft UIInterfaceOrientationLandscapeRight";
				INFOPLIST_KEY_UISupportedInterfaceOrientations_iPhone = "UIInterfaceOrientationPortrait UIInterfaceOrientationLandscapeLeft UIInterfaceOrientationLandscapeRight";
				LD_RUNPATH_SEARCH_PATHS = (
					"$(inherited)",
					"@executable_path/Frameworks",
				);
				MARKETING_VERSION = 1.0;
				PRODUCT_BUNDLE_IDENTIFIER = Sample.Api;
				PRODUCT_NAME = "$(TARGET_NAME)";
				SWIFT_EMIT_LOC_STRINGS = YES;
				SWIFT_VERSION = 5.0;
				TARGETED_DEVICE_FAMILY = "1,2";
			};
			name = Release;
		};
		5A01D06C2AEDF531009EC48C /* Debug */ = {
			isa = XCBuildConfiguration;
			buildSettings = {
				ALWAYS_EMBED_SWIFT_STANDARD_LIBRARIES = YES;
				BUNDLE_LOADER = "$(TEST_HOST)";
				CODE_SIGN_STYLE = Automatic;
				CURRENT_PROJECT_VERSION = 1;
				GENERATE_INFOPLIST_FILE = YES;
				IPHONEOS_DEPLOYMENT_TARGET = 16.4;
				MARKETING_VERSION = 1.0;
				PRODUCT_BUNDLE_IDENTIFIER = Sample.ApiTests;
				PRODUCT_NAME = "$(TARGET_NAME)";
				SWIFT_EMIT_LOC_STRINGS = NO;
				SWIFT_VERSION = 5.0;
				TARGETED_DEVICE_FAMILY = "1,2";
				TEST_HOST = "$(BUILT_PRODUCTS_DIR)/Api.app/$(BUNDLE_EXECUTABLE_FOLDER_PATH)/Api";
			};
			name = Debug;
		};
		5A01D06D2AEDF531009EC48C /* Release */ = {
			isa = XCBuildConfiguration;
			buildSettings = {
				ALWAYS_EMBED_SWIFT_STANDARD_LIBRARIES = YES;
				BUNDLE_LOADER = "$(TEST_HOST)";
				CODE_SIGN_STYLE = Automatic;
				CURRENT_PROJECT_VERSION = 1;
				GENERATE_INFOPLIST_FILE = YES;
				IPHONEOS_DEPLOYMENT_TARGET = 16.4;
				MARKETING_VERSION = 1.0;
				PRODUCT_BUNDLE_IDENTIFIER = Sample.ApiTests;
				PRODUCT_NAME = "$(TARGET_NAME)";
				SWIFT_EMIT_LOC_STRINGS = NO;
				SWIFT_VERSION = 5.0;
				TARGETED_DEVICE_FAMILY = "1,2";
				TEST_HOST = "$(BUILT_PRODUCTS_DIR)/Api.app/$(BUNDLE_EXECUTABLE_FOLDER_PATH)/Api";
			};
			name = Release;
		};
		5A01D06F2AEDF531009EC48C /* Debug */ = {
			isa = XCBuildConfiguration;
			buildSettings = {
				ALWAYS_EMBED_SWIFT_STANDARD_LIBRARIES = YES;
				CODE_SIGN_STYLE = Automatic;
				CURRENT_PROJECT_VERSION = 1;
				GENERATE_INFOPLIST_FILE = YES;
				MARKETING_VERSION = 1.0;
				PRODUCT_BUNDLE_IDENTIFIER = Sample.ApiUITests;
				PRODUCT_NAME = "$(TARGET_NAME)";
				SWIFT_EMIT_LOC_STRINGS = NO;
				SWIFT_VERSION = 5.0;
				TARGETED_DEVICE_FAMILY = "1,2";
				TEST_TARGET_NAME = Api;
			};
			name = Debug;
		};
		5A01D0702AEDF531009EC48C /* Release */ = {
			isa = XCBuildConfiguration;
			buildSettings = {
				ALWAYS_EMBED_SWIFT_STANDARD_LIBRARIES = YES;
				CODE_SIGN_STYLE = Automatic;
				CURRENT_PROJECT_VERSION = 1;
				GENERATE_INFOPLIST_FILE = YES;
				MARKETING_VERSION = 1.0;
				PRODUCT_BUNDLE_IDENTIFIER = Sample.ApiUITests;
				PRODUCT_NAME = "$(TARGET_NAME)";
				SWIFT_EMIT_LOC_STRINGS = NO;
				SWIFT_VERSION = 5.0;
				TARGETED_DEVICE_FAMILY = "1,2";
				TEST_TARGET_NAME = Api;
			};
			name = Release;
		};
/* End XCBuildConfiguration section */

/* Begin XCConfigurationList section */
		5A01D03F2AEDF530009EC48C /* Build configuration list for PBXProject "Api" */ = {
			isa = XCConfigurationList;
			buildConfigurations = (
				5A01D0662AEDF531009EC48C /* Debug */,
				5A01D0672AEDF531009EC48C /* Release */,
			);
			defaultConfigurationIsVisible = 0;
			defaultConfigurationName = Release;
		};
		5A01D0682AEDF531009EC48C /* Build configuration list for PBXNativeTarget "Api" */ = {
			isa = XCConfigurationList;
			buildConfigurations = (
				5A01D0692AEDF531009EC48C /* Debug */,
				5A01D06A2AEDF531009EC48C /* Release */,
			);
			defaultConfigurationIsVisible = 0;
			defaultConfigurationName = Release;
		};
		5A01D06B2AEDF531009EC48C /* Build configuration list for PBXNativeTarget "ApiTests" */ = {
			isa = XCConfigurationList;
			buildConfigurations = (
				5A01D06C2AEDF531009EC48C /* Debug */,
				5A01D06D2AEDF531009EC48C /* Release */,
			);
			defaultConfigurationIsVisible = 0;
			defaultConfigurationName = Release;
		};
		5A01D06E2AEDF531009EC48C /* Build configuration list for PBXNativeTarget "ApiUITests" */ = {
			isa = XCConfigurationList;
			buildConfigurations = (
				5A01D06F2AEDF531009EC48C /* Debug */,
				5A01D0702AEDF531009EC48C /* Release */,
			);
			defaultConfigurationIsVisible = 0;
			defaultConfigurationName = Release;
		};
/* End XCConfigurationList section */
	};
	rootObject = 5A01D03C2AEDF530009EC48C /* Project object */;
}
